Imports System

Module Program
    Sub Main(args As String())
        Randomize()
        Dim card1 As Integer
        Dim card2 As Integer
        Dim other_card As Integer
        Dim card_number As Integer
        Dim sum As Integer
        Dim draw_or_keep As String
        Dim score As Integer
        Dim play_again As String

        score = 0
        Do
            card1 = Int(Rnd() * 10) + 1
            card2 = Int(Rnd() * 10) + 1
            Console.WriteLine($"Your first card is {card1} and your second card is {card2}.")
            sum = card1 + card2
            card_number = 2
            Do
                Console.WriteLine("Draw another card? (Y/N) : ")
                draw_or_keep = Console.ReadLine().ToUpper().Trim()
                If draw_or_keep = "Y" Then
                    other_card = Int(Rnd() * 10) + 1
                    sum += other_card
                    card_number += 1
                    If card_number = 3 Then
                        Console.WriteLine($"Your {card_number}rd card is {other_card}, bringing your total to {sum}.")
                    Else
                        Console.WriteLine($"Your {card_number}th card is {other_card}, bringing your total to {sum}.")
                    End If
                End If

            Loop Until draw_or_keep = "N" Or sum > 21

            If draw_or_keep = "N" Then
                Console.WriteLine($"Your end sum is: {sum}")
                If sum = 19 Or sum = 20 Then
                    score += 1
                    Console.WriteLine($"You've gained one point.
That brings your total to {score}.")
                ElseIf sum = 21 Then
                    score += 3
                    Console.WriteLine($"You've gained three points. 
That brings your total to {score}.")
                ElseIf sum < 19 Then
                    Console.WriteLine($"You've gained no points.
Your total remains at {score}.")
                End If
            End If

            If sum > 21 Then
                Console.WriteLine($"Game over!
Your final score was {score}.")
            End If

            Console.WriteLine("Play another round? (Y/N) : ")
            play_again = Console.ReadLine().ToUpper().Trim()
        Loop Until play_again = "N"

    End Sub
End Module
